
Microsoft Visual Studio Solution File, Format Version 12.00
# Visual Studio Version 17
VisualStudioVersion = 17.14.36518.9 d17.14
MinimumVisualStudioVersion = 10.0.40219.1
Project("{8BC9CEB8-8B4A-11D0-8D11-00A0C91BC942}") = "Sandbox", "Sandbox\Sandbox.vcxproj", "{12C90E9C-3ACB-4548-84B2-B6ACBE1FC878}"
EndProject
Project("{8BC9CEB8-8B4A-11D0-8D11-00A0C91BC942}") = "Hazel", "Hazel\Hazel.vcxproj", "{70FFA2E7-695D-4A8A-979D-9573B7975B8E}"
EndProject
Global
	GlobalSection(SolutionConfigurationPlatforms) = preSolution
		Debug|x64 = Debug|x64
		Release|x64 = Release|x64
	EndGlobalSection
	GlobalSection(ProjectConfigurationPlatforms) = postSolution
		{70FFA2E7-695D-4A8A-979D-9573B7975B8E}.Debug|x64.ActiveCfg = Debug|x64
		{70FFA2E7-695D-4A8A-979D-9573B7975B8E}.Debug|x64.Build.0 = Debug|x64
		{70FFA2E7-695D-4A8A-979D-9573B7975B8E}.Release|x64.ActiveCfg = Release|x64
		{70FFA2E7-695D-4A8A-979D-9573B7975B8E}.Release|x64.Build.0 = Release|x64
		{12C90E9C-3ACB-4548-84B2-B6ACBE1FC878}.Debug|x64.ActiveCfg = Debug|x64
		{12C90E9C-3ACB-4548-84B2-B6ACBE1FC878}.Debug|x64.Build.0 = Debug|x64
		{12C90E9C-3ACB-4548-84B2-B6ACBE1FC878}.Release|x64.ActiveCfg = Release|x64
		{12C90E9C-3ACB-4548-84B2-B6ACBE1FC878}.Release|x64.Build.0 = Release|x64
	EndGlobalSection
	GlobalSection(SolutionProperties) = preSolution
		HideSolutionNode = FALSE
	EndGlobalSection
	GlobalSection(ExtensibilityGlobals) = postSolution
		SolutionGuid = {D3D0BE55-E716-4186-92D0-33BD1B8C771E}
	EndGlobalSection
EndGlobal
